
Microsoft Visual Studio Solution File, Format Version 12.00
# Visual Studio 15
VisualStudioVersion = 15.0.27703.2000
MinimumVisualStudioVersion = 10.0.40219.1
Project("{FAE04EC0-301F-11D3-BF4B-00C04F79EFBC}") = "BinaryTrees", "BinaryTrees\BinaryTrees.csproj", "{4C03E96B-DB40-4738-A54B-6AC2F1D40727}"
EndProject
Project("{FAE04EC0-301F-11D3-BF4B-00C04F79EFBC}") = "Problem1", "Problem1\Problem1.csproj", "{B15CA8E3-91B5-4518-9760-4ACED7969E4C}"
EndProject
Global
	GlobalSection(SolutionConfigurationPlatforms) = preSolution
		Debug|Any CPU = Debug|Any CPU
		Release|Any CPU = Release|Any CPU
	EndGlobalSection
	GlobalSection(ProjectConfigurationPlatforms) = postSolution
		{4C03E96B-DB40-4738-A54B-6AC2F1D40727}.Debug|Any CPU.ActiveCfg = Debug|Any CPU
		{4C03E96B-DB40-4738-A54B-6AC2F1D40727}.Debug|Any CPU.Build.0 = Debug|Any CPU
		{4C03E96B-DB40-4738-A54B-6AC2F1D40727}.Release|Any CPU.ActiveCfg = Release|Any CPU
		{4C03E96B-DB40-4738-A54B-6AC2F1D40727}.Release|Any CPU.Build.0 = Release|Any CPU
		{B15CA8E3-91B5-4518-9760-4ACED7969E4C}.Debug|Any CPU.ActiveCfg = Debug|Any CPU
		{B15CA8E3-91B5-4518-9760-4ACED7969E4C}.Debug|Any CPU.Build.0 = Debug|Any CPU
		{B15CA8E3-91B5-4518-9760-4ACED7969E4C}.Release|Any CPU.ActiveCfg = Release|Any CPU
		{B15CA8E3-91B5-4518-9760-4ACED7969E4C}.Release|Any CPU.Build.0 = Release|Any CPU
	EndGlobalSection
	GlobalSection(SolutionProperties) = preSolution
		HideSolutionNode = FALSE
	EndGlobalSection
	GlobalSection(ExtensibilityGlobals) = postSolution
		SolutionGuid = {7E6390F6-2F0C-46B2-B002-94C73AED7871}
	EndGlobalSection
EndGlobal
